
Microsoft Visual Studio Solution File, Format Version 12.00
# Visual Studio Version 17
VisualStudioVersion = 17.7.34202.233
MinimumVisualStudioVersion = 10.0.40219.1
Project("{FAE04EC0-301F-11D3-BF4B-00C04F79EFBC}") = "TrafficLight", "TrafficLight.csproj", "{931C776F-E019-4AF9-9180-84D7096BA7A5}"
EndProject
Global
	GlobalSection(SolutionConfigurationPlatforms) = preSolution
		Debug|Any CPU = Debug|Any CPU
		Release|Any CPU = Release|Any CPU
	EndGlobalSection
	GlobalSection(ProjectConfigurationPlatforms) = postSolution
		{931C776F-E019-4AF9-9180-84D7096BA7A5}.Debug|Any CPU.ActiveCfg = Debug|Any CPU
		{931C776F-E019-4AF9-9180-84D7096BA7A5}.Debug|Any CPU.Build.0 = Debug|Any CPU
		{931C776F-E019-4AF9-9180-84D7096BA7A5}.Release|Any CPU.ActiveCfg = Release|Any CPU
		{931C776F-E019-4AF9-9180-84D7096BA7A5}.Release|Any CPU.Build.0 = Release|Any CPU
	EndGlobalSection
	GlobalSection(SolutionProperties) = preSolution
		HideSolutionNode = FALSE
	EndGlobalSection
	GlobalSection(ExtensibilityGlobals) = postSolution
		SolutionGuid = {83C49C53-A0FE-42D2-B8A6-A2273B17496F}
	EndGlobalSection
EndGlobal
